
Microsoft Visual Studio Solution File, Format Version 12.00
# Visual Studio Version 17
VisualStudioVersion = 17.3.32901.215
MinimumVisualStudioVersion = 10.0.40219.1
Project("{8BC9CEB8-8B4A-11D0-8D11-00A0C91BC942}") = "23.1", "23.1.vcxproj", "{AB993D69-5D32-445C-91E8-40CFD956FFF3}"
EndProject
Global
	GlobalSection(SolutionConfigurationPlatforms) = preSolution
		Debug|x64 = Debug|x64
		Debug|x86 = Debug|x86
		Release|x64 = Release|x64
		Release|x86 = Release|x86
	EndGlobalSection
	GlobalSection(ProjectConfigurationPlatforms) = postSolution
		{AB993D69-5D32-445C-91E8-40CFD956FFF3}.Debug|x64.ActiveCfg = Debug|x64
		{AB993D69-5D32-445C-91E8-40CFD956FFF3}.Debug|x64.Build.0 = Debug|x64
		{AB993D69-5D32-445C-91E8-40CFD956FFF3}.Debug|x86.ActiveCfg = Debug|Win32
		{AB993D69-5D32-445C-91E8-40CFD956FFF3}.Debug|x86.Build.0 = Debug|Win32
		{AB993D69-5D32-445C-91E8-40CFD956FFF3}.Release|x64.ActiveCfg = Release|x64
		{AB993D69-5D32-445C-91E8-40CFD956FFF3}.Release|x64.Build.0 = Release|x64
		{AB993D69-5D32-445C-91E8-40CFD956FFF3}.Release|x86.ActiveCfg = Release|Win32
		{AB993D69-5D32-445C-91E8-40CFD956FFF3}.Release|x86.Build.0 = Release|Win32
	EndGlobalSection
	GlobalSection(SolutionProperties) = preSolution
		HideSolutionNode = FALSE
	EndGlobalSection
	GlobalSection(ExtensibilityGlobals) = postSolution
		SolutionGuid = {7EC3427A-02E2-451B-AC85-34B031FE6C6C}
	EndGlobalSection
EndGlobal
